
Microsoft Visual Studio Solution File, Format Version 12.00
# Visual Studio Version 17
VisualStudioVersion = 17.0.32002.185
MinimumVisualStudioVersion = 10.0.40219.1
Project("{FAE04EC0-301F-11D3-BF4B-00C04F79EFBC}") = "BibliotecaJogosAPI", "BibliotecaJogosAPI\BibliotecaJogosAPI.csproj", "{5B57F321-01D1-49DE-86D4-6124AEC25468}"
EndProject
Global
	GlobalSection(SolutionConfigurationPlatforms) = preSolution
		Debug|Any CPU = Debug|Any CPU
		Release|Any CPU = Release|Any CPU
	EndGlobalSection
	GlobalSection(ProjectConfigurationPlatforms) = postSolution
		{5B57F321-01D1-49DE-86D4-6124AEC25468}.Debug|Any CPU.ActiveCfg = Debug|Any CPU
		{5B57F321-01D1-49DE-86D4-6124AEC25468}.Debug|Any CPU.Build.0 = Debug|Any CPU
		{5B57F321-01D1-49DE-86D4-6124AEC25468}.Release|Any CPU.ActiveCfg = Release|Any CPU
		{5B57F321-01D1-49DE-86D4-6124AEC25468}.Release|Any CPU.Build.0 = Release|Any CPU
	EndGlobalSection
	GlobalSection(SolutionProperties) = preSolution
		HideSolutionNode = FALSE
	EndGlobalSection
	GlobalSection(ExtensibilityGlobals) = postSolution
		SolutionGuid = {353F131D-2A03-451B-83AE-6BD3F588A434}
	EndGlobalSection
EndGlobal
